
Microsoft Visual Studio Solution File, Format Version 12.00
# Visual Studio Version 16
VisualStudioVersion = 16.0.31613.86
MinimumVisualStudioVersion = 10.0.40219.1
Project("{9A19103F-16F7-4668-BE54-9A1E7A4F7556}") = "ClientCode", "ClientCode.csproj", "{ABF9868B-238A-40BE-9B7A-DA5CD5B9CB2C}"
EndProject
Project("{FAE04EC0-301F-11D3-BF4B-00C04F79EFBC}") = "WinFormCodes", "..\WinFormCodes\WinFormCodes.csproj", "{703B2748-C295-4D32-8E5A-065B09E47C26}"
EndProject
Global
	GlobalSection(SolutionConfigurationPlatforms) = preSolution
		Debug|Any CPU = Debug|Any CPU
		Release|Any CPU = Release|Any CPU
	EndGlobalSection
	GlobalSection(ProjectConfigurationPlatforms) = postSolution
		{ABF9868B-238A-40BE-9B7A-DA5CD5B9CB2C}.Debug|Any CPU.ActiveCfg = Debug|Any CPU
		{ABF9868B-238A-40BE-9B7A-DA5CD5B9CB2C}.Debug|Any CPU.Build.0 = Debug|Any CPU
		{ABF9868B-238A-40BE-9B7A-DA5CD5B9CB2C}.Release|Any CPU.ActiveCfg = Release|Any CPU
		{ABF9868B-238A-40BE-9B7A-DA5CD5B9CB2C}.Release|Any CPU.Build.0 = Release|Any CPU
		{703B2748-C295-4D32-8E5A-065B09E47C26}.Debug|Any CPU.ActiveCfg = Debug|Any CPU
		{703B2748-C295-4D32-8E5A-065B09E47C26}.Debug|Any CPU.Build.0 = Debug|Any CPU
		{703B2748-C295-4D32-8E5A-065B09E47C26}.Release|Any CPU.ActiveCfg = Release|Any CPU
		{703B2748-C295-4D32-8E5A-065B09E47C26}.Release|Any CPU.Build.0 = Release|Any CPU
	EndGlobalSection
	GlobalSection(SolutionProperties) = preSolution
		HideSolutionNode = FALSE
	EndGlobalSection
	GlobalSection(ExtensibilityGlobals) = postSolution
		SolutionGuid = {6675ECD5-73E2-46F5-884F-1DC2BE92AC50}
	EndGlobalSection
EndGlobal
