
Microsoft Visual Studio Solution File, Format Version 12.00
# Visual Studio Version 16
VisualStudioVersion = 16.0.31613.86
MinimumVisualStudioVersion = 10.0.40219.1
Project("{9A19103F-16F7-4668-BE54-9A1E7A4F7556}") = "ClientCode", "Clientcode\ClientCode.csproj", "{24C66F80-3614-4699-B7AF-755B57957D85}"
EndProject
Project("{9A19103F-16F7-4668-BE54-9A1E7A4F7556}") = "WinFormClient1", "WinFormClient1\WinFormClient1.csproj", "{623F84E8-523F-4F18-8468-38611C278D42}"
EndProject
Global
	GlobalSection(SolutionConfigurationPlatforms) = preSolution
		Debug|Any CPU = Debug|Any CPU
		Release|Any CPU = Release|Any CPU
	EndGlobalSection
	GlobalSection(ProjectConfigurationPlatforms) = postSolution
		{24C66F80-3614-4699-B7AF-755B57957D85}.Debug|Any CPU.ActiveCfg = Debug|Any CPU
		{24C66F80-3614-4699-B7AF-755B57957D85}.Debug|Any CPU.Build.0 = Debug|Any CPU
		{24C66F80-3614-4699-B7AF-755B57957D85}.Release|Any CPU.ActiveCfg = Release|Any CPU
		{24C66F80-3614-4699-B7AF-755B57957D85}.Release|Any CPU.Build.0 = Release|Any CPU
		{623F84E8-523F-4F18-8468-38611C278D42}.Debug|Any CPU.ActiveCfg = Debug|Any CPU
		{623F84E8-523F-4F18-8468-38611C278D42}.Debug|Any CPU.Build.0 = Debug|Any CPU
		{623F84E8-523F-4F18-8468-38611C278D42}.Release|Any CPU.ActiveCfg = Release|Any CPU
		{623F84E8-523F-4F18-8468-38611C278D42}.Release|Any CPU.Build.0 = Release|Any CPU
	EndGlobalSection
	GlobalSection(SolutionProperties) = preSolution
		HideSolutionNode = FALSE
	EndGlobalSection
	GlobalSection(ExtensibilityGlobals) = postSolution
		SolutionGuid = {6675ECD5-73E2-46F5-884F-1DC2BE92AC50}
	EndGlobalSection
EndGlobal
